# This file is generated by gogradle automatically, you should NEVER modify it manually.
---
apiVersion: "0.5.4"
dependencies:
  build:
  - vcs: "git"
    name: "github.com/JackTiger/demoC"
    commit: "347d5525046f8dbfb68881a39d68c44357bd620c"
    url: "https://github.com/JackTiger/demoC.git"
    transitive: false
  - name: "github.com/pelletier/go-toml"
    host:
      name: "github.com/JackTiger/demoC"
      commit: "347d5525046f8dbfb68881a39d68c44357bd620c"
      url: "https://github.com/JackTiger/demoC.git"
      vcs: "git"
    vendorPath: "vendor/github.com/pelletier/go-toml"
    transitive: false
  test: []
